dependencies:
- name: common
  repository: https://charts.bitnami.com/bitnami
  version: 1.7.0
- name: redis
  repository: https://charts.bitnami.com/bitnami
  version: 14.7.0
digest: sha256:c10375cdadce8e1eefa9cf7e59b1d6ba88b14b4e13b9bbe910a41b9ca6c5ef79
generated: "2021-07-14T12:02:18.710641507Z"
